
Microsoft Visual Studio Solution File, Format Version 12.00
Project("{FAE04EC0-301F-11D3-BF4B-00C04F79EFBC}") = "Drkb.Notification", "Drkb.Notification\Drkb.Notification.csproj", "{66F91699-659E-46FF-9CE0-BB08E609F078}"
EndProject
Project("{FAE04EC0-301F-11D3-BF4B-00C04F79EFBC}") = "Drkb.Notification.Domain", "Drkb.Notification.Domain\Drkb.Notification.Domain.csproj", "{8A1CF17F-3548-458C-A8CF-0D864AE0950D}"
EndProject
Project("{FAE04EC0-301F-11D3-BF4B-00C04F79EFBC}") = "Drkb.Notification.Application", "Drkb.Notification.Application\Drkb.Notification.Application.csproj", "{73BB74A0-202B-435B-9E43-AE16691E5F99}"
EndProject
Project("{FAE04EC0-301F-11D3-BF4B-00C04F79EFBC}") = "Drkb.Notification.Infrastructure", "Drkb.Notification.Infrastructure\Drkb.Notification.Infrastructure.csproj", "{38E235B5-ECFB-47B1-8B2F-F00EF5E12812}"
EndProject
Project("{FAE04EC0-301F-11D3-BF4B-00C04F79EFBC}") = "Drkb.Notification.Contract", "Drkb.Notification.Contract\Drkb.Notification.Contract.csproj", "{C67C600B-46A5-409F-A4D6-0C1A81CA83EE}"
EndProject
Project("{FAE04EC0-301F-11D3-BF4B-00C04F79EFBC}") = "Drkb.Notification.Integration", "Drkb.Notification.Integration\Drkb.Notification.Integration.csproj", "{5E378CB1-A30F-4409-B059-3365A27EF0C6}"
EndProject
Global
	GlobalSection(SolutionConfigurationPlatforms) = preSolution
		Debug|Any CPU = Debug|Any CPU
		Release|Any CPU = Release|Any CPU
	EndGlobalSection
	GlobalSection(ProjectConfigurationPlatforms) = postSolution
		{66F91699-659E-46FF-9CE0-BB08E609F078}.Debug|Any CPU.ActiveCfg = Debug|Any CPU
		{66F91699-659E-46FF-9CE0-BB08E609F078}.Debug|Any CPU.Build.0 = Debug|Any CPU
		{66F91699-659E-46FF-9CE0-BB08E609F078}.Release|Any CPU.ActiveCfg = Release|Any CPU
		{66F91699-659E-46FF-9CE0-BB08E609F078}.Release|Any CPU.Build.0 = Release|Any CPU
		{8A1CF17F-3548-458C-A8CF-0D864AE0950D}.Debug|Any CPU.ActiveCfg = Debug|Any CPU
		{8A1CF17F-3548-458C-A8CF-0D864AE0950D}.Debug|Any CPU.Build.0 = Debug|Any CPU
		{8A1CF17F-3548-458C-A8CF-0D864AE0950D}.Release|Any CPU.ActiveCfg = Release|Any CPU
		{8A1CF17F-3548-458C-A8CF-0D864AE0950D}.Release|Any CPU.Build.0 = Release|Any CPU
		{73BB74A0-202B-435B-9E43-AE16691E5F99}.Debug|Any CPU.ActiveCfg = Debug|Any CPU
		{73BB74A0-202B-435B-9E43-AE16691E5F99}.Debug|Any CPU.Build.0 = Debug|Any CPU
		{73BB74A0-202B-435B-9E43-AE16691E5F99}.Release|Any CPU.ActiveCfg = Release|Any CPU
		{73BB74A0-202B-435B-9E43-AE16691E5F99}.Release|Any CPU.Build.0 = Release|Any CPU
		{38E235B5-ECFB-47B1-8B2F-F00EF5E12812}.Debug|Any CPU.ActiveCfg = Debug|Any CPU
		{38E235B5-ECFB-47B1-8B2F-F00EF5E12812}.Debug|Any CPU.Build.0 = Debug|Any CPU
		{38E235B5-ECFB-47B1-8B2F-F00EF5E12812}.Release|Any CPU.ActiveCfg = Release|Any CPU
		{38E235B5-ECFB-47B1-8B2F-F00EF5E12812}.Release|Any CPU.Build.0 = Release|Any CPU
		{C67C600B-46A5-409F-A4D6-0C1A81CA83EE}.Debug|Any CPU.ActiveCfg = Debug|Any CPU
		{C67C600B-46A5-409F-A4D6-0C1A81CA83EE}.Debug|Any CPU.Build.0 = Debug|Any CPU
		{C67C600B-46A5-409F-A4D6-0C1A81CA83EE}.Release|Any CPU.ActiveCfg = Release|Any CPU
		{C67C600B-46A5-409F-A4D6-0C1A81CA83EE}.Release|Any CPU.Build.0 = Release|Any CPU
		{5E378CB1-A30F-4409-B059-3365A27EF0C6}.Debug|Any CPU.ActiveCfg = Debug|Any CPU
		{5E378CB1-A30F-4409-B059-3365A27EF0C6}.Debug|Any CPU.Build.0 = Debug|Any CPU
		{5E378CB1-A30F-4409-B059-3365A27EF0C6}.Release|Any CPU.ActiveCfg = Release|Any CPU
		{5E378CB1-A30F-4409-B059-3365A27EF0C6}.Release|Any CPU.Build.0 = Release|Any CPU
	EndGlobalSection
EndGlobal
